{
  "version": 4,
  "terraform_version": "1.1.3",
  "serial": 20,
  "lineage": "9137da77-f0bd-27cd-fdcc-cbcc08a5687b",
  "outputs": {},
  "resources": [
    {
      "mode": "data",
      "type": "azurerm_resource_group",
      "name": "main",
      "provider": "provider[\"registry.terraform.io/hashicorp/azurerm\"]",
      "instances": [
        {
          "schema_version": 0,
          "attributes": {
            "id": "/subscriptions/d33b95c7-af3c-4247-9661-aa96d47fccc0/resourceGroups/OpenCohort1_IlinaGeorgieva_ProjectExercise",
            "location": "uksouth",
            "name": "OpenCohort1_IlinaGeorgieva_ProjectExercise",
            "tags": {},
            "timeouts": null
          },
          "sensitive_attributes": []
        }
      ]
    },
    {
      "mode": "managed",
      "type": "azurerm_app_service",
      "name": "main",
      "provider": "provider[\"registry.terraform.io/hashicorp/azurerm\"]",
      "instances": [
        {
          "schema_version": 0,
          "attributes": {
            "app_service_plan_id": "/subscriptions/d33b95c7-af3c-4247-9661-aa96d47fccc0/resourceGroups/opencohort1_ilinageorgieva_projectexercise/providers/Microsoft.Web/serverfarms/terraformed-ilgdevops",
            "app_settings": {
              "CONNECTION_STRING": "CONNECTION_STRING",
              "DOCKER_REGISTRY_SERVER_URL": "https://index.docker.io"
            },
            "auth_settings": [
              {
                "active_directory": [],
                "additional_login_params": {},
                "allowed_external_redirect_urls": [],
                "default_provider": "",
                "enabled": false,
                "facebook": [],
                "google": [],
                "issuer": "",
                "microsoft": [],
                "runtime_version": "",
                "token_refresh_extension_hours": 0,
                "token_store_enabled": false,
                "twitter": [],
                "unauthenticated_client_action": ""
              }
            ],
            "backup": [],
            "client_affinity_enabled": false,
            "client_cert_enabled": false,
            "connection_string": [],
            "custom_domain_verification_id": "C11362A7BC6B6AE47600B6CA026E5B947B6577DA4AE022E214743600719CCB1D",
            "default_site_hostname": "illigeorgieva102.azurewebsites.net",
            "enabled": true,
            "https_only": false,
            "id": "/subscriptions/d33b95c7-af3c-4247-9661-aa96d47fccc0/resourceGroups/OpenCohort1_IlinaGeorgieva_ProjectExercise/providers/Microsoft.Web/sites/illigeorgieva102",
            "identity": [],
            "location": "uksouth",
            "logs": [
              {
                "application_logs": [
                  {
                    "azure_blob_storage": [],
                    "file_system_level": "Off"
                  }
                ],
                "detailed_error_messages_enabled": false,
                "failed_request_tracing_enabled": false,
                "http_logs": [
                  {
                    "azure_blob_storage": [],
                    "file_system": []
                  }
                ]
              }
            ],
            "name": "illigeorgieva102",
            "outbound_ip_address_list": [
              "20.49.243.211",
              "20.49.245.137",
              "20.49.245.205",
              "20.49.245.252",
              "20.49.246.163",
              "20.49.246.237",
              "51.104.28.75"
            ],
            "outbound_ip_addresses": "20.49.243.211,20.49.245.137,20.49.245.205,20.49.245.252,20.49.246.163,20.49.246.237,51.104.28.75",
            "possible_outbound_ip_address_list": [
              "20.49.243.211",
              "20.49.245.137",
              "20.49.245.205",
              "20.49.245.252",
              "20.49.246.163",
              "20.49.246.237",
              "20.49.247.14",
              "20.49.246.157",
              "20.49.247.64",
              "20.49.247.95",
              "20.49.246.37",
              "20.49.247.109",
              "20.49.247.134",
              "20.49.128.16",
              "20.49.247.144",
              "20.49.247.175",
              "20.49.247.196",
              "20.49.247.240",
              "20.49.213.154",
              "20.50.106.54",
              "20.50.106.103",
              "20.50.107.133",
              "20.50.107.237",
              "20.50.108.162",
              "51.104.28.75"
            ],
            "possible_outbound_ip_addresses": "20.49.243.211,20.49.245.137,20.49.245.205,20.49.245.252,20.49.246.163,20.49.246.237,20.49.247.14,20.49.246.157,20.49.247.64,20.49.247.95,20.49.246.37,20.49.247.109,20.49.247.134,20.49.128.16,20.49.247.144,20.49.247.175,20.49.247.196,20.49.247.240,20.49.213.154,20.50.106.54,20.50.106.103,20.50.107.133,20.50.107.237,20.50.108.162,51.104.28.75",
            "resource_group_name": "OpenCohort1_IlinaGeorgieva_ProjectExercise",
            "site_config": [
              {
                "always_on": false,
                "app_command_line": "",
                "auto_swap_slot_name": "",
                "cors": [
                  {
                    "allowed_origins": [],
                    "support_credentials": false
                  }
                ],
                "default_documents": [],
                "dotnet_framework_version": "v4.0",
                "ftps_state": "AllAllowed",
                "health_check_path": "",
                "http2_enabled": false,
                "ip_restriction": [],
                "java_container": "",
                "java_container_version": "",
                "java_version": "",
                "linux_fx_version": "DOCKER|ilgeo/my-production-image:latest",
                "local_mysql_enabled": false,
                "managed_pipeline_mode": "Integrated",
                "min_tls_version": "1.2",
                "number_of_workers": 1,
                "php_version": "",
                "python_version": "",
                "remote_debugging_enabled": false,
                "remote_debugging_version": "VS2019",
                "scm_ip_restriction": [],
                "scm_type": "None",
                "scm_use_main_ip_restriction": false,
                "use_32_bit_worker_process": false,
                "websockets_enabled": false,
                "windows_fx_version": ""
              }
            ],
            "site_credential": [
              {
                "password": "dgjsclE6aDtrX4xXDd2sc4dap6mdwGChiv2iz2MlEHgfdjR2D4a1xMsclcjS",
                "username": "$illigeorgieva102"
              }
            ],
            "source_control": [
              {
                "branch": "master",
                "manual_integration": false,
                "repo_url": "",
                "rollback_enabled": false,
                "use_mercurial": false
              }
            ],
            "storage_account": [],
            "tags": {},
            "timeouts": null
          },
          "sensitive_attributes": [],
          "private": "eyJlMmJmYjczMC1lY2FhLTExZTYtOGY4OC0zNDM2M2JjN2M0YzAiOnsiY3JlYXRlIjoxODAwMDAwMDAwMDAwLCJkZWxldGUiOjE4MDAwMDAwMDAwMDAsInJlYWQiOjMwMDAwMDAwMDAwMCwidXBkYXRlIjoxODAwMDAwMDAwMDAwfX0=",
          "dependencies": [
            "azurerm_app_service_plan.main",
            "data.azurerm_resource_group.main"
          ]
        }
      ]
    },
    {
      "mode": "managed",
      "type": "azurerm_app_service_plan",
      "name": "main",
      "provider": "provider[\"registry.terraform.io/hashicorp/azurerm\"]",
      "instances": [
        {
          "schema_version": 0,
          "attributes": {
            "app_service_environment_id": "",
            "id": "/subscriptions/d33b95c7-af3c-4247-9661-aa96d47fccc0/resourceGroups/OpenCohort1_IlinaGeorgieva_ProjectExercise/providers/Microsoft.Web/serverfarms/terraformed-ilgdevops",
            "is_xenon": false,
            "kind": "linux",
            "location": "uksouth",
            "maximum_elastic_worker_count": 1,
            "maximum_number_of_workers": 3,
            "name": "terraformed-ilgdevops",
            "per_site_scaling": false,
            "reserved": true,
            "resource_group_name": "OpenCohort1_IlinaGeorgieva_ProjectExercise",
            "sku": [
              {
                "capacity": 1,
                "size": "B1",
                "tier": "Basic"
              }
            ],
            "tags": {},
            "timeouts": null
          },
          "sensitive_attributes": [],
          "private": "eyJlMmJmYjczMC1lY2FhLTExZTYtOGY4OC0zNDM2M2JjN2M0YzAiOnsiY3JlYXRlIjozNjAwMDAwMDAwMDAwLCJkZWxldGUiOjM2MDAwMDAwMDAwMDAsInJlYWQiOjMwMDAwMDAwMDAwMCwidXBkYXRlIjozNjAwMDAwMDAwMDAwfX0=",
          "dependencies": [
            "data.azurerm_resource_group.main"
          ]
        }
      ]
    },
    {
      "mode": "managed",
      "type": "azurerm_cosmosdb_account",
      "name": "db",
      "provider": "provider[\"registry.terraform.io/hashicorp/azurerm\"]",
      "instances": [
        {
          "schema_version": 0,
          "attributes": {
            "analytical_storage_enabled": false,
            "capabilities": [
              {
                "name": "EnableMongo"
              },
              {
                "name": "EnableServerless"
              },
              {
                "name": "MongoDBv3.4"
              }
            ],
            "connection_strings": [
              "mongodb://illigeorgieva102:D2InQql4vk92YFc945VBK5Eh7v1GlP0NPaMKIwP6QZo6HcT8X2cKpUVSF9clvjZzVIXruXd63K2o2aU0imkfMw==@illigeorgieva102.mongo.cosmos.azure.com:10255/?ssl=true\u0026replicaSet=globaldb\u0026retrywrites=false\u0026maxIdleTimeMS=120000\u0026appName=@illigeorgieva102@",
              "mongodb://illigeorgieva102:63mb8HBAWQ2wK5Cx0fKqkl19xJmuTPq34LVTItG9zfYgqjqFdLdoadSvDVKyQS42Mvqk4FurpGqmUvSlm1PXyw==@illigeorgieva102.mongo.cosmos.azure.com:10255/?ssl=true\u0026replicaSet=globaldb\u0026retrywrites=false\u0026maxIdleTimeMS=120000\u0026appName=@illigeorgieva102@",
              "mongodb://illigeorgieva102:DkKL6O1qdQIOs8ZFkF0aeRBNycnoErFjQ7xPumGFaYP9DalC7WOEhzfwozdh66M8olHgcdZmJyq5aoGdZhGIYg==@illigeorgieva102.mongo.cosmos.azure.com:10255/?ssl=true\u0026replicaSet=globaldb\u0026retrywrites=false\u0026maxIdleTimeMS=120000\u0026appName=@illigeorgieva102@",
              "mongodb://illigeorgieva102:9oERXe5j1amAYWv0Pzi9K8LP3nfCetuc2zAKkrHIMGUTBiHCwbXCqiOd3wkHpr3XUr5gFUXrz1ktN1AXdo91QA==@illigeorgieva102.mongo.cosmos.azure.com:10255/?ssl=true\u0026replicaSet=globaldb\u0026retrywrites=false\u0026maxIdleTimeMS=120000\u0026appName=@illigeorgieva102@"
            ],
            "consistency_policy": [
              {
                "consistency_level": "Session",
                "max_interval_in_seconds": 5,
                "max_staleness_prefix": 100
              }
            ],
            "enable_automatic_failover": true,
            "enable_free_tier": false,
            "enable_multiple_write_locations": false,
            "endpoint": "https://illigeorgieva102.documents.azure.com:443/",
            "geo_location": [
              {
                "failover_priority": 0,
                "id": "illigeorgieva102-uksouth",
                "location": "uksouth",
                "prefix": "",
                "zone_redundant": false
              }
            ],
            "id": "/subscriptions/d33b95c7-af3c-4247-9661-aa96d47fccc0/resourceGroups/opencohort1_ilinageorgieva_projectexercise/providers/Microsoft.DocumentDB/databaseAccounts/illigeorgieva102",
            "ip_range_filter": "",
            "is_virtual_network_filter_enabled": false,
            "key_vault_key_id": null,
            "kind": "MongoDB",
            "location": "uksouth",
            "name": "illigeorgieva102",
            "offer_type": "Standard",
            "primary_key": "D2InQql4vk92YFc945VBK5Eh7v1GlP0NPaMKIwP6QZo6HcT8X2cKpUVSF9clvjZzVIXruXd63K2o2aU0imkfMw==",
            "primary_master_key": "D2InQql4vk92YFc945VBK5Eh7v1GlP0NPaMKIwP6QZo6HcT8X2cKpUVSF9clvjZzVIXruXd63K2o2aU0imkfMw==",
            "primary_readonly_key": "DkKL6O1qdQIOs8ZFkF0aeRBNycnoErFjQ7xPumGFaYP9DalC7WOEhzfwozdh66M8olHgcdZmJyq5aoGdZhGIYg==",
            "primary_readonly_master_key": "DkKL6O1qdQIOs8ZFkF0aeRBNycnoErFjQ7xPumGFaYP9DalC7WOEhzfwozdh66M8olHgcdZmJyq5aoGdZhGIYg==",
            "public_network_access_enabled": true,
            "read_endpoints": [
              "https://illigeorgieva102-uksouth.documents.azure.com:443/"
            ],
            "resource_group_name": "opencohort1_ilinageorgieva_projectexercise",
            "secondary_key": "63mb8HBAWQ2wK5Cx0fKqkl19xJmuTPq34LVTItG9zfYgqjqFdLdoadSvDVKyQS42Mvqk4FurpGqmUvSlm1PXyw==",
            "secondary_master_key": "63mb8HBAWQ2wK5Cx0fKqkl19xJmuTPq34LVTItG9zfYgqjqFdLdoadSvDVKyQS42Mvqk4FurpGqmUvSlm1PXyw==",
            "secondary_readonly_key": "9oERXe5j1amAYWv0Pzi9K8LP3nfCetuc2zAKkrHIMGUTBiHCwbXCqiOd3wkHpr3XUr5gFUXrz1ktN1AXdo91QA==",
            "secondary_readonly_master_key": "9oERXe5j1amAYWv0Pzi9K8LP3nfCetuc2zAKkrHIMGUTBiHCwbXCqiOd3wkHpr3XUr5gFUXrz1ktN1AXdo91QA==",
            "tags": null,
            "timeouts": null,
            "virtual_network_rule": [],
            "write_endpoints": [
              "https://illigeorgieva102-uksouth.documents.azure.com:443/"
            ]
          },
          "sensitive_attributes": [],
          "private": "eyJlMmJmYjczMC1lY2FhLTExZTYtOGY4OC0zNDM2M2JjN2M0YzAiOnsiY3JlYXRlIjoxMDgwMDAwMDAwMDAwMCwiZGVsZXRlIjoxMDgwMDAwMDAwMDAwMCwicmVhZCI6MzAwMDAwMDAwMDAwLCJ1cGRhdGUiOjEwODAwMDAwMDAwMDAwfX0=",
          "dependencies": [
            "data.azurerm_resource_group.main"
          ]
        }
      ]
    }
  ]
}
