{
  "version": 4,
  "terraform_version": "1.1.3",
  "serial": 10,
  "lineage": "9137da77-f0bd-27cd-fdcc-cbcc08a5687b",
  "outputs": {},
  "resources": [
    {
      "mode": "data",
      "type": "azurerm_resource_group",
      "name": "main",
      "provider": "provider[\"registry.terraform.io/hashicorp/azurerm\"]",
      "instances": [
        {
          "schema_version": 0,
          "attributes": {
            "id": "/subscriptions/d33b95c7-af3c-4247-9661-aa96d47fccc0/resourceGroups/OpenCohort1_IlinaGeorgieva_ProjectExercise",
            "location": "uksouth",
            "name": "OpenCohort1_IlinaGeorgieva_ProjectExercise",
            "tags": {},
            "timeouts": null
          },
          "sensitive_attributes": []
        }
      ]
    },
    {
      "mode": "managed",
      "type": "azurerm_app_service_plan",
      "name": "main",
      "provider": "provider[\"registry.terraform.io/hashicorp/azurerm\"]",
      "instances": [
        {
          "schema_version": 0,
          "attributes": {
            "app_service_environment_id": "",
            "id": "/subscriptions/d33b95c7-af3c-4247-9661-aa96d47fccc0/resourceGroups/OpenCohort1_IlinaGeorgieva_ProjectExercise/providers/Microsoft.Web/serverfarms/terraformed-ilgdevops",
            "is_xenon": false,
            "kind": "linux",
            "location": "uksouth",
            "maximum_elastic_worker_count": 1,
            "maximum_number_of_workers": 3,
            "name": "terraformed-ilgdevops",
            "per_site_scaling": false,
            "reserved": true,
            "resource_group_name": "OpenCohort1_IlinaGeorgieva_ProjectExercise",
            "sku": [
              {
                "capacity": 1,
                "size": "B1",
                "tier": "Basic"
              }
            ],
            "tags": null,
            "timeouts": null,
            "zone_redundant": false
          },
          "sensitive_attributes": [],
          "private": "eyJlMmJmYjczMC1lY2FhLTExZTYtOGY4OC0zNDM2M2JjN2M0YzAiOnsiY3JlYXRlIjozNjAwMDAwMDAwMDAwLCJkZWxldGUiOjM2MDAwMDAwMDAwMDAsInJlYWQiOjMwMDAwMDAwMDAwMCwidXBkYXRlIjozNjAwMDAwMDAwMDAwfX0=",
          "dependencies": [
            "data.azurerm_resource_group.main"
          ]
        }
      ]
    }
  ]
}
